
Microsoft Visual Studio Solution File, Format Version 12.00
# Visual Studio Version 17
VisualStudioVersion = 17.0.31903.59
MinimumVisualStudioVersion = 10.0.40219.1
Project("{FAE04EC0-301F-11D3-BF4B-00C04F79EFBC}") = "MusigElgg.Api", "MusigElgg.Api\MusigElgg.Api.csproj", "{E519DA23-5B6D-47E4-8D49-48F001ABD2E8}"
EndProject
Project("{FAE04EC0-301F-11D3-BF4B-00C04F79EFBC}") = "MusigElgg.Domain", "MusigElgg.Domain\MusigElgg.Domain.csproj", "{7C94405E-867F-4DDF-8519-257AA00E5512}"
EndProject
Project("{FAE04EC0-301F-11D3-BF4B-00C04F79EFBC}") = "MusigElgg.Infrastructure", "MusigElgg.Infrastructure\MusigElgg.Infrastructure.csproj", "{AA2C177E-3B44-487D-80A1-EF6F7715BAAE}"
EndProject
Global
	GlobalSection(SolutionConfigurationPlatforms) = preSolution
		Debug|Any CPU = Debug|Any CPU
		Debug|x64 = Debug|x64
		Debug|x86 = Debug|x86
		Release|Any CPU = Release|Any CPU
		Release|x64 = Release|x64
		Release|x86 = Release|x86
	EndGlobalSection
	GlobalSection(ProjectConfigurationPlatforms) = postSolution
		{E519DA23-5B6D-47E4-8D49-48F001ABD2E8}.Debug|Any CPU.ActiveCfg = Debug|Any CPU
		{E519DA23-5B6D-47E4-8D49-48F001ABD2E8}.Debug|Any CPU.Build.0 = Debug|Any CPU
		{E519DA23-5B6D-47E4-8D49-48F001ABD2E8}.Debug|x64.ActiveCfg = Debug|Any CPU
		{E519DA23-5B6D-47E4-8D49-48F001ABD2E8}.Debug|x64.Build.0 = Debug|Any CPU
		{E519DA23-5B6D-47E4-8D49-48F001ABD2E8}.Debug|x86.ActiveCfg = Debug|Any CPU
		{E519DA23-5B6D-47E4-8D49-48F001ABD2E8}.Debug|x86.Build.0 = Debug|Any CPU
		{E519DA23-5B6D-47E4-8D49-48F001ABD2E8}.Release|Any CPU.ActiveCfg = Release|Any CPU
		{E519DA23-5B6D-47E4-8D49-48F001ABD2E8}.Release|Any CPU.Build.0 = Release|Any CPU
		{E519DA23-5B6D-47E4-8D49-48F001ABD2E8}.Release|x64.ActiveCfg = Release|Any CPU
		{E519DA23-5B6D-47E4-8D49-48F001ABD2E8}.Release|x64.Build.0 = Release|Any CPU
		{E519DA23-5B6D-47E4-8D49-48F001ABD2E8}.Release|x86.ActiveCfg = Release|Any CPU
		{E519DA23-5B6D-47E4-8D49-48F001ABD2E8}.Release|x86.Build.0 = Release|Any CPU
		{7C94405E-867F-4DDF-8519-257AA00E5512}.Debug|Any CPU.ActiveCfg = Debug|Any CPU
		{7C94405E-867F-4DDF-8519-257AA00E5512}.Debug|Any CPU.Build.0 = Debug|Any CPU
		{7C94405E-867F-4DDF-8519-257AA00E5512}.Debug|x64.ActiveCfg = Debug|Any CPU
		{7C94405E-867F-4DDF-8519-257AA00E5512}.Debug|x64.Build.0 = Debug|Any CPU
		{7C94405E-867F-4DDF-8519-257AA00E5512}.Debug|x86.ActiveCfg = Debug|Any CPU
		{7C94405E-867F-4DDF-8519-257AA00E5512}.Debug|x86.Build.0 = Debug|Any CPU
		{7C94405E-867F-4DDF-8519-257AA00E5512}.Release|Any CPU.ActiveCfg = Release|Any CPU
		{7C94405E-867F-4DDF-8519-257AA00E5512}.Release|Any CPU.Build.0 = Release|Any CPU
		{7C94405E-867F-4DDF-8519-257AA00E5512}.Release|x64.ActiveCfg = Release|Any CPU
		{7C94405E-867F-4DDF-8519-257AA00E5512}.Release|x64.Build.0 = Release|Any CPU
		{7C94405E-867F-4DDF-8519-257AA00E5512}.Release|x86.ActiveCfg = Release|Any CPU
		{7C94405E-867F-4DDF-8519-257AA00E5512}.Release|x86.Build.0 = Release|Any CPU
		{AA2C177E-3B44-487D-80A1-EF6F7715BAAE}.Debug|Any CPU.ActiveCfg = Debug|Any CPU
		{AA2C177E-3B44-487D-80A1-EF6F7715BAAE}.Debug|Any CPU.Build.0 = Debug|Any CPU
		{AA2C177E-3B44-487D-80A1-EF6F7715BAAE}.Debug|x64.ActiveCfg = Debug|Any CPU
		{AA2C177E-3B44-487D-80A1-EF6F7715BAAE}.Debug|x64.Build.0 = Debug|Any CPU
		{AA2C177E-3B44-487D-80A1-EF6F7715BAAE}.Debug|x86.ActiveCfg = Debug|Any CPU
		{AA2C177E-3B44-487D-80A1-EF6F7715BAAE}.Debug|x86.Build.0 = Debug|Any CPU
		{AA2C177E-3B44-487D-80A1-EF6F7715BAAE}.Release|Any CPU.ActiveCfg = Release|Any CPU
		{AA2C177E-3B44-487D-80A1-EF6F7715BAAE}.Release|Any CPU.Build.0 = Release|Any CPU
		{AA2C177E-3B44-487D-80A1-EF6F7715BAAE}.Release|x64.ActiveCfg = Release|Any CPU
		{AA2C177E-3B44-487D-80A1-EF6F7715BAAE}.Release|x64.Build.0 = Release|Any CPU
		{AA2C177E-3B44-487D-80A1-EF6F7715BAAE}.Release|x86.ActiveCfg = Release|Any CPU
		{AA2C177E-3B44-487D-80A1-EF6F7715BAAE}.Release|x86.Build.0 = Release|Any CPU
	EndGlobalSection
	GlobalSection(SolutionProperties) = preSolution
		HideSolutionNode = FALSE
	EndGlobalSection
EndGlobal
